
Microsoft Visual Studio Solution File, Format Version 12.00
# Visual Studio Version 16
VisualStudioVersion = 16.0.29418.71
MinimumVisualStudioVersion = 10.0.40219.1
Project("{FAE04EC0-301F-11D3-BF4B-00C04F79EFBC}") = "1", "1\1.csproj", "{912CAAAA-BAF2-451E-8A66-14962EDE27FB}"
EndProject
Global
	GlobalSection(SolutionConfigurationPlatforms) = preSolution
		Debug|Any CPU = Debug|Any CPU
		Release|Any CPU = Release|Any CPU
	EndGlobalSection
	GlobalSection(ProjectConfigurationPlatforms) = postSolution
		{912CAAAA-BAF2-451E-8A66-14962EDE27FB}.Debug|Any CPU.ActiveCfg = Debug|Any CPU
		{912CAAAA-BAF2-451E-8A66-14962EDE27FB}.Debug|Any CPU.Build.0 = Debug|Any CPU
		{912CAAAA-BAF2-451E-8A66-14962EDE27FB}.Release|Any CPU.ActiveCfg = Release|Any CPU
		{912CAAAA-BAF2-451E-8A66-14962EDE27FB}.Release|Any CPU.Build.0 = Release|Any CPU
	EndGlobalSection
	GlobalSection(SolutionProperties) = preSolution
		HideSolutionNode = FALSE
	EndGlobalSection
	GlobalSection(ExtensibilityGlobals) = postSolution
		SolutionGuid = {25E1AEF2-7F80-4C37-A25B-5C15E51BA888}
	EndGlobalSection
EndGlobal
